
Microsoft Visual Studio Solution File, Format Version 12.00
# Visual Studio Version 17
VisualStudioVersion = 17.11.35222.181
MinimumVisualStudioVersion = 10.0.40219.1
Project("{FAE04EC0-301F-11D3-BF4B-00C04F79EFBC}") = "MessageSentForm", "MessageSentForm.csproj", "{189F0DA2-53BE-4B87-9C96-56FB09956BA9}"
EndProject
Global
	GlobalSection(SolutionConfigurationPlatforms) = preSolution
		Debug|Any CPU = Debug|Any CPU
		Release|Any CPU = Release|Any CPU
	EndGlobalSection
	GlobalSection(ProjectConfigurationPlatforms) = postSolution
		{189F0DA2-53BE-4B87-9C96-56FB09956BA9}.Debug|Any CPU.ActiveCfg = Debug|Any CPU
		{189F0DA2-53BE-4B87-9C96-56FB09956BA9}.Debug|Any CPU.Build.0 = Debug|Any CPU
		{189F0DA2-53BE-4B87-9C96-56FB09956BA9}.Release|Any CPU.ActiveCfg = Release|Any CPU
		{189F0DA2-53BE-4B87-9C96-56FB09956BA9}.Release|Any CPU.Build.0 = Release|Any CPU
	EndGlobalSection
	GlobalSection(SolutionProperties) = preSolution
		HideSolutionNode = FALSE
	EndGlobalSection
	GlobalSection(ExtensibilityGlobals) = postSolution
		SolutionGuid = {B78B5913-01FA-43C7-B915-DA616CC442D4}
	EndGlobalSection
EndGlobal
